
Microsoft Visual Studio Solution File, Format Version 12.00
# Visual Studio Version 17
VisualStudioVersion = 17.3.32929.385
MinimumVisualStudioVersion = 10.0.40219.1
Project("{8BC9CEB8-8B4A-11D0-8D11-00A0C91BC942}") = "Zad4", "Zad4.vcxproj", "{9BD6CC67-2A1B-4B2E-82CA-D3769848FCFB}"
EndProject
Global
	GlobalSection(SolutionConfigurationPlatforms) = preSolution
		Debug|x64 = Debug|x64
		Debug|x86 = Debug|x86
		Release|x64 = Release|x64
		Release|x86 = Release|x86
	EndGlobalSection
	GlobalSection(ProjectConfigurationPlatforms) = postSolution
		{9BD6CC67-2A1B-4B2E-82CA-D3769848FCFB}.Debug|x64.ActiveCfg = Debug|x64
		{9BD6CC67-2A1B-4B2E-82CA-D3769848FCFB}.Debug|x64.Build.0 = Debug|x64
		{9BD6CC67-2A1B-4B2E-82CA-D3769848FCFB}.Debug|x86.ActiveCfg = Debug|Win32
		{9BD6CC67-2A1B-4B2E-82CA-D3769848FCFB}.Debug|x86.Build.0 = Debug|Win32
		{9BD6CC67-2A1B-4B2E-82CA-D3769848FCFB}.Release|x64.ActiveCfg = Release|x64
		{9BD6CC67-2A1B-4B2E-82CA-D3769848FCFB}.Release|x64.Build.0 = Release|x64
		{9BD6CC67-2A1B-4B2E-82CA-D3769848FCFB}.Release|x86.ActiveCfg = Release|Win32
		{9BD6CC67-2A1B-4B2E-82CA-D3769848FCFB}.Release|x86.Build.0 = Release|Win32
	EndGlobalSection
	GlobalSection(SolutionProperties) = preSolution
		HideSolutionNode = FALSE
	EndGlobalSection
	GlobalSection(ExtensibilityGlobals) = postSolution
		SolutionGuid = {D12FD29A-5CC6-4466-8005-016DD7D14FCF}
	EndGlobalSection
EndGlobal
